
Microsoft Visual Studio Solution File, Format Version 12.00
# Visual Studio 15
VisualStudioVersion = 15.0.27130.2027
MinimumVisualStudioVersion = 10.0.40219.1
Project("{FAE04EC0-301F-11D3-BF4B-00C04F79EFBC}") = "WordsCounterGUI", "WordsCounter\WordsCounterGUI.csproj", "{9F76183F-9F4B-4DB2-A8CE-4948E0D2F383}"
EndProject
Project("{FAE04EC0-301F-11D3-BF4B-00C04F79EFBC}") = "FrequencyCounter", "FrequencyCounter\FrequencyCounter.csproj", "{1999BADB-EB6D-45CB-86C8-B4CDC6B5BE71}"
EndProject
Project("{FAE04EC0-301F-11D3-BF4B-00C04F79EFBC}") = "FrequencyCounterTest", "FrequencyCounterTest\FrequencyCounterTest.csproj", "{77E66D99-A5A5-4C81-9015-2901C0280767}"
EndProject
Global
	GlobalSection(SolutionConfigurationPlatforms) = preSolution
		Debug|Any CPU = Debug|Any CPU
		Release|Any CPU = Release|Any CPU
	EndGlobalSection
	GlobalSection(ProjectConfigurationPlatforms) = postSolution
		{9F76183F-9F4B-4DB2-A8CE-4948E0D2F383}.Debug|Any CPU.ActiveCfg = Debug|Any CPU
		{9F76183F-9F4B-4DB2-A8CE-4948E0D2F383}.Debug|Any CPU.Build.0 = Debug|Any CPU
		{9F76183F-9F4B-4DB2-A8CE-4948E0D2F383}.Release|Any CPU.ActiveCfg = Release|Any CPU
		{9F76183F-9F4B-4DB2-A8CE-4948E0D2F383}.Release|Any CPU.Build.0 = Release|Any CPU
		{1999BADB-EB6D-45CB-86C8-B4CDC6B5BE71}.Debug|Any CPU.ActiveCfg = Debug|Any CPU
		{1999BADB-EB6D-45CB-86C8-B4CDC6B5BE71}.Debug|Any CPU.Build.0 = Debug|Any CPU
		{1999BADB-EB6D-45CB-86C8-B4CDC6B5BE71}.Release|Any CPU.ActiveCfg = Release|Any CPU
		{1999BADB-EB6D-45CB-86C8-B4CDC6B5BE71}.Release|Any CPU.Build.0 = Release|Any CPU
		{77E66D99-A5A5-4C81-9015-2901C0280767}.Debug|Any CPU.ActiveCfg = Debug|Any CPU
		{77E66D99-A5A5-4C81-9015-2901C0280767}.Debug|Any CPU.Build.0 = Debug|Any CPU
		{77E66D99-A5A5-4C81-9015-2901C0280767}.Release|Any CPU.ActiveCfg = Release|Any CPU
		{77E66D99-A5A5-4C81-9015-2901C0280767}.Release|Any CPU.Build.0 = Release|Any CPU
	EndGlobalSection
	GlobalSection(SolutionProperties) = preSolution
		HideSolutionNode = FALSE
	EndGlobalSection
	GlobalSection(ExtensibilityGlobals) = postSolution
		SolutionGuid = {3CAE9CE4-4130-476F-9BF9-12A65CAA961B}
	EndGlobalSection
EndGlobal
